// !$*UTF8*$!
{
	archiveVersion = 1;
	classes = {
	};
	objectVersion = 50;
	objects = {

/* Begin PBXBuildFile section */
		8FB68A5B253EBFA6001026C6 /* SI2400@2x.png in Resources */ = {isa = PBXBuildFile; fileRef = 8FB68A59253EBFA6001026C6 /* SI2400@2x.png */; };
		8FB68A5C253EBFA6001026C6 /* SI2732@2x.png in Resources */ = {isa = PBXBuildFile; fileRef = 8FB68A5A253EBFA6001026C6 /* SI2732@2x.png */; };
		8FB68A6B253EC665001026C6 /* SI2388@2x.png in Resources */ = {isa = PBXBuildFile; fileRef = 8FB68A6A253EC665001026C6 /* SI2388@2x.png */; };
		8FB68A6E253ECF8E001026C6 /* ScreenImage@2x.jpg in Resources */ = {isa = PBXBuildFile; fileRef = 8FB68A6D253ECF8E001026C6 /* ScreenImage@2x.jpg */; };
		8FBDA177253DD52300A63BD1 /* AppDelegate.m in Sources */ = {isa = PBXBuildFile; fileRef = 8FBDA176253DD52300A63BD1 /* AppDelegate.m */; };
		8FBDA17D253DD52300A63BD1 /* ViewController.m in Sources */ = {isa = PBXBuildFile; fileRef = 8FBDA17C253DD52300A63BD1 /* ViewController.m */; };
		8FBDA180253DD52300A63BD1 /* Main.storyboard in Resources */ = {isa = PBXBuildFile; fileRef = 8FBDA17E253DD52300A63BD1 /* Main.storyboard */; };
		8FBDA182253DD52600A63BD1 /* Assets.xcassets in Resources */ = {isa = PBXBuildFile; fileRef = 8FBDA181253DD52600A63BD1 /* Assets.xcassets */; };
		8FBDA185253DD52600A63BD1 /* LaunchScreen.storyboard in Resources */ = {isa = PBXBuildFile; fileRef = 8FBDA183253DD52600A63BD1 /* LaunchScreen.storyboard */; };
		8FBDA188253DD52600A63BD1 /* main.m in Sources */ = {isa = PBXBuildFile; fileRef = 8FBDA187253DD52600A63BD1 /* main.m */; };
/* End PBXBuildFile section */

/* Begin PBXFileReference section */
		8FB68A59253EBFA6001026C6 /* SI2400@2x.png */ = {isa = PBXFileReference; lastKnownFileType = image.png; path = "SI2400@2x.png"; sourceTree = "<group>"; };
		8FB68A5A253EBFA6001026C6 /* SI2732@2x.png */ = {isa = PBXFileReference; lastKnownFileType = image.png; path = "SI2732@2x.png"; sourceTree = "<group>"; };
		8FB68A6A253EC665001026C6 /* SI2388@2x.png */ = {isa = PBXFileReference; lastKnownFileType = image.png; path = "SI2388@2x.png"; sourceTree = "<group>"; };
		8FB68A6D253ECF8E001026C6 /* ScreenImage@2x.jpg */ = {isa = PBXFileReference; lastKnownFileType = image.jpeg; path = "ScreenImage@2x.jpg"; sourceTree = "<group>"; };
		8FBDA172253DD52300A63BD1 /* LaunchImage.app */ = {isa = PBXFileReference; explicitFileType = wrapper.application; includeInIndex = 0; path = LaunchImage.app; sourceTree = BUILT_PRODUCTS_DIR; };
		8FBDA175253DD52300A63BD1 /* AppDelegate.h */ = {isa = PBXFileReference; lastKnownFileType = sourcecode.c.h; path = AppDelegate.h; sourceTree = "<group>"; };
		8FBDA176253DD52300A63BD1 /* AppDelegate.m */ = {isa = PBXFileReference; lastKnownFileType = sourcecode.c.objc; path = AppDelegate.m; sourceTree = "<group>"; };
		8FBDA17B253DD52300A63BD1 /* ViewController.h */ = {isa = PBXFileReference; lastKnownFileType = sourcecode.c.h; path = ViewController.h; sourceTree = "<group>"; };
		8FBDA17C253DD52300A63BD1 /* ViewController.m */ = {isa = PBXFileReference; lastKnownFileType = sourcecode.c.objc; path = ViewController.m; sourceTree = "<group>"; };
		8FBDA17F253DD52300A63BD1 /* Base */ = {isa = PBXFileReference; lastKnownFileType = file.storyboard; name = Base; path = Base.lproj/Main.storyboard; sourceTree = "<group>"; };
		8FBDA181253DD52600A63BD1 /* Assets.xcassets */ = {isa = PBXFileReference; lastKnownFileType = folder.assetcatalog; path = Assets.xcassets; sourceTree = "<group>"; };
		8FBDA184253DD52600A63BD1 /* Base */ = {isa = PBXFileReference; lastKnownFileType = file.storyboard; name = Base; path = Base.lproj/LaunchScreen.storyboard; sourceTree = "<group>"; };
		8FBDA186253DD52600A63BD1 /* Info.plist */ = {isa = PBXFileReference; lastKnownFileType = text.plist.xml; path = Info.plist; sourceTree = "<group>"; };
		8FBDA187253DD52600A63BD1 /* main.m */ = {isa = PBXFileReference; lastKnownFileType = sourcecode.c.objc; path = main.m; sourceTree = "<group>"; };
/* End PBXFileReference section */

/* Begin PBXFrameworksBuildPhase section */
		8FBDA16F253DD52300A63BD1 /* Frameworks */ = {
			isa = PBXFrameworksBuildPhase;
			buildActionMask = 2147483647;
			files = (
			);
			runOnlyForDeploymentPostprocessing = 0;
		};
/* End PBXFrameworksBuildPhase section */

/* Begin PBXGroup section */
		8FBDA169253DD52300A63BD1 = {
			isa = PBXGroup;
			children = (
				8FBDA174253DD52300A63BD1 /* LaunchImage */,
				8FBDA173253DD52300A63BD1 /* Products */,
			);
			sourceTree = "<group>";
		};
		8FBDA173253DD52300A63BD1 /* Products */ = {
			isa = PBXGroup;
			children = (
				8FBDA172253DD52300A63BD1 /* LaunchImage.app */,
			);
			name = Products;
			sourceTree = "<group>";
		};
		8FBDA174253DD52300A63BD1 /* LaunchImage */ = {
			isa = PBXGroup;
			children = (
				8FBDA175253DD52300A63BD1 /* AppDelegate.h */,
				8FBDA176253DD52300A63BD1 /* AppDelegate.m */,
				8FBDA17B253DD52300A63BD1 /* ViewController.h */,
				8FBDA17C253DD52300A63BD1 /* ViewController.m */,
				8FBDA17E253DD52300A63BD1 /* Main.storyboard */,
				8FBDA181253DD52600A63BD1 /* Assets.xcassets */,
				8FBDA183253DD52600A63BD1 /* LaunchScreen.storyboard */,
				8FBDA186253DD52600A63BD1 /* Info.plist */,
				8FBDA187253DD52600A63BD1 /* main.m */,
				8FB68A6A253EC665001026C6 /* SI2388@2x.png */,
				8FB68A59253EBFA6001026C6 /* SI2400@2x.png */,
				8FB68A5A253EBFA6001026C6 /* SI2732@2x.png */,
				8FB68A6D253ECF8E001026C6 /* ScreenImage@2x.jpg */,
			);
			path = LaunchImage;
			sourceTree = "<group>";
		};
/* End PBXGroup section */

/* Begin PBXNativeTarget section */
		8FBDA171253DD52300A63BD1 /* LaunchImage */ = {
			isa = PBXNativeTarget;
			buildConfigurationList = 8FBDA18B253DD52600A63BD1 /* Build configuration list for PBXNativeTarget "LaunchImage" */;
			buildPhases = (
				8FBDA16E253DD52300A63BD1 /* Sources */,
				8FBDA16F253DD52300A63BD1 /* Frameworks */,
				8FBDA170253DD52300A63BD1 /* Resources */,
			);
			buildRules = (
			);
			dependencies = (
			);
			name = LaunchImage;
			productName = LaunchImage;
			productReference = 8FBDA172253DD52300A63BD1 /* LaunchImage.app */;
			productType = "com.apple.product-type.application";
		};
/* End PBXNativeTarget section */

/* Begin PBXProject section */
		8FBDA16A253DD52300A63BD1 /* Project object */ = {
			isa = PBXProject;
			attributes = {
				LastUpgradeCheck = 1200;
				TargetAttributes = {
					8FBDA171253DD52300A63BD1 = {
						CreatedOnToolsVersion = 12.0;
					};
				};
			};
			buildConfigurationList = 8FBDA16D253DD52300A63BD1 /* Build configuration list for PBXProject "LaunchImage" */;
			compatibilityVersion = "Xcode 9.3";
			developmentRegion = en;
			hasScannedForEncodings = 0;
			knownRegions = (
				en,
				Base,
			);
			mainGroup = 8FBDA169253DD52300A63BD1;
			productRefGroup = 8FBDA173253DD52300A63BD1 /* Products */;
			projectDirPath = "";
			projectRoot = "";
			targets = (
				8FBDA171253DD52300A63BD1 /* LaunchImage */,
			);
		};
/* End PBXProject section */

/* Begin PBXResourcesBuildPhase section */
		8FBDA170253DD52300A63BD1 /* Resources */ = {
			isa = PBXResourcesBuildPhase;
			buildActionMask = 2147483647;
			files = (
				8FB68A6E253ECF8E001026C6 /* ScreenImage@2x.jpg in Resources */,
				8FB68A5B253EBFA6001026C6 /* SI2400@2x.png in Resources */,
				8FB68A5C253EBFA6001026C6 /* SI2732@2x.png in Resources */,
				8FBDA185253DD52600A63BD1 /* LaunchScreen.storyboard in Resources */,
				8FBDA182253DD52600A63BD1 /* Assets.xcassets in Resources */,
				8FBDA180253DD52300A63BD1 /* Main.storyboard in Resources */,
				8FB68A6B253EC665001026C6 /* SI2388@2x.png in Resources */,
			);
			runOnlyForDeploymentPostprocessing = 0;
		};
/* End PBXResourcesBuildPhase section */

/* Begin PBXSourcesBuildPhase section */
		8FBDA16E253DD52300A63BD1 /* Sources */ = {
			isa = PBXSourcesBuildPhase;
			buildActionMask = 2147483647;
			files = (
				8FBDA17D253DD52300A63BD1 /* ViewController.m in Sources */,
				8FBDA177253DD52300A63BD1 /* AppDelegate.m in Sources */,
				8FBDA188253DD52600A63BD1 /* main.m in Sources */,
			);
			runOnlyForDeploymentPostprocessing = 0;
		};
/* End PBXSourcesBuildPhase section */

/* Begin PBXVariantGroup section */
		8FBDA17E253DD52300A63BD1 /* Main.storyboard */ = {
			isa = PBXVariantGroup;
			children = (
				8FBDA17F253DD52300A63BD1 /* Base */,
			);
			name = Main.storyboard;
			sourceTree = "<group>";
		};
		8FBDA183253DD52600A63BD1 /* LaunchScreen.storyboard */ = {
			isa = PBXVariantGroup;
			children = (
				8FBDA184253DD52600A63BD1 /* Base */,
			);
			name = LaunchScreen.storyboard;
			sourceTree = "<group>";
		};
/* End PBXVariantGroup section */

/* Begin XCBuildConfiguration section */
		8FBDA189253DD52600A63BD1 /* Debug */ = {
			isa = XCBuildConfiguration;
			buildSettings = {
				ALWAYS_SEARCH_USER_PATHS = NO;
				CLANG_ANALYZER_NONNULL = YES;
				CLANG_ANALYZER_NUMBER_OBJECT_CONVERSION = YES_AGGRESSIVE;
				CLANG_CXX_LANGUAGE_STANDARD = "gnu++14";
				CLANG_CXX_LIBRARY = "libc++";
				CLANG_ENABLE_MODULES = YES;
				CLANG_ENABLE_OBJC_ARC = YES;
				CLANG_ENABLE_OBJC_WEAK = YES;
				CLANG_WARN_BLOCK_CAPTURE_AUTORELEASING = YES;
				CLANG_WARN_BOOL_CONVERSION = YES;
				CLANG_WARN_COMMA = YES;
				CLANG_WARN_CONSTANT_CONVERSION = YES;
				CLANG_WARN_DEPRECATED_OBJC_IMPLEMENTATIONS = YES;
				CLANG_WARN_DIRECT_OBJC_ISA_USAGE = YES_ERROR;
				CLANG_WARN_DOCUMENTATION_COMMENTS = YES;
				CLANG_WARN_EMPTY_BODY = YES;
				CLANG_WARN_ENUM_CONVERSION = YES;
				CLANG_WARN_INFINITE_RECURSION = YES;
				CLANG_WARN_INT_CONVERSION = YES;
				CLANG_WARN_NON_LITERAL_NULL_CONVERSION = YES;
				CLANG_WARN_OBJC_IMPLICIT_RETAIN_SELF = YES;
				CLANG_WARN_OBJC_LITERAL_CONVERSION = YES;
				CLANG_WARN_OBJC_ROOT_CLASS = YES_ERROR;
				CLANG_WARN_QUOTED_INCLUDE_IN_FRAMEWORK_HEADER = YES;
				CLANG_WARN_RANGE_LOOP_ANALYSIS = YES;
				CLANG_WARN_STRICT_PROTOTYPES = YES;
				CLANG_WARN_SUSPICIOUS_MOVE = YES;
				CLANG_WARN_UNGUARDED_AVAILABILITY = YES_AGGRESSIVE;
				CLANG_WARN_UNREACHABLE_CODE = YES;
				CLANG_WARN__DUPLICATE_METHOD_MATCH = YES;
				COPY_PHASE_STRIP = NO;
				DEBUG_INFORMATION_FORMAT = dwarf;
				ENABLE_STRICT_OBJC_MSGSEND = YES;
				ENABLE_TESTABILITY = YES;
				GCC_C_LANGUAGE_STANDARD = gnu11;
				GCC_DYNAMIC_NO_PIC = NO;
				GCC_NO_COMMON_BLOCKS = YES;
				GCC_OPTIMIZATION_LEVEL = 0;
				GCC_PREPROCESSOR_DEFINITIONS = (
					"DEBUG=1",
					"$(inherited)",
				);
				GCC_WARN_64_TO_32_BIT_CONVERSION = YES;
				GCC_WARN_ABOUT_RETURN_TYPE = YES_ERROR;
				GCC_WARN_UNDECLARED_SELECTOR = YES;
				GCC_WARN_UNINITIALIZED_AUTOS = YES_AGGRESSIVE;
				GCC_WARN_UNUSED_FUNCTION = YES;
				GCC_WARN_UNUSED_VARIABLE = YES;
				IPHONEOS_DEPLOYMENT_TARGET = 14.0;
				MTL_ENABLE_DEBUG_INFO = INCLUDE_SOURCE;
				MTL_FAST_MATH = YES;
				ONLY_ACTIVE_ARCH = YES;
				SDKROOT = iphoneos;
			};
			name = Debug;
		};
		8FBDA18A253DD52600A63BD1 /* Release */ = {
			isa = XCBuildConfiguration;
			buildSettings = {
				ALWAYS_SEARCH_USER_PATHS = NO;
				CLANG_ANALYZER_NONNULL = YES;
				CLANG_ANALYZER_NUMBER_OBJECT_CONVERSION = YES_AGGRESSIVE;
				CLANG_CXX_LANGUAGE_STANDARD = "gnu++14";
				CLANG_CXX_LIBRARY = "libc++";
				CLANG_ENABLE_MODULES = YES;
				CLANG_ENABLE_OBJC_ARC = YES;
				CLANG_ENABLE_OBJC_WEAK = YES;
				CLANG_WARN_BLOCK_CAPTURE_AUTORELEASING = YES;
				CLANG_WARN_BOOL_CONVERSION = YES;
				CLANG_WARN_COMMA = YES;
				CLANG_WARN_CONSTANT_CONVERSION = YES;
				CLANG_WARN_DEPRECATED_OBJC_IMPLEMENTATIONS = YES;
				CLANG_WARN_DIRECT_OBJC_ISA_USAGE = YES_ERROR;
				CLANG_WARN_DOCUMENTATION_COMMENTS = YES;
				CLANG_WARN_EMPTY_BODY = YES;
				CLANG_WARN_ENUM_CONVERSION = YES;
				CLANG_WARN_INFINITE_RECURSION = YES;
				CLANG_WARN_INT_CONVERSION = YES;
				CLANG_WARN_NON_LITERAL_NULL_CONVERSION = YES;
				CLANG_WARN_OBJC_IMPLICIT_RETAIN_SELF = YES;
				CLANG_WARN_OBJC_LITERAL_CONVERSION = YES;
				CLANG_WARN_OBJC_ROOT_CLASS = YES_ERROR;
				CLANG_WARN_QUOTED_INCLUDE_IN_FRAMEWORK_HEADER = YES;
				CLANG_WARN_RANGE_LOOP_ANALYSIS = YES;
				CLANG_WARN_STRICT_PROTOTYPES = YES;
				CLANG_WARN_SUSPICIOUS_MOVE = YES;
				CLANG_WARN_UNGUARDED_AVAILABILITY = YES_AGGRESSIVE;
				CLANG_WARN_UNREACHABLE_CODE = YES;
				CLANG_WARN__DUPLICATE_METHOD_MATCH = YES;
				COPY_PHASE_STRIP = NO;
				DEBUG_INFORMATION_FORMAT = "dwarf-with-dsym";
				ENABLE_NS_ASSERTIONS = NO;
				ENABLE_STRICT_OBJC_MSGSEND = YES;
				GCC_C_LANGUAGE_STANDARD = gnu11;
				GCC_NO_COMMON_BLOCKS = YES;
				GCC_WARN_64_TO_32_BIT_CONVERSION = YES;
				GCC_WARN_ABOUT_RETURN_TYPE = YES_ERROR;
				GCC_WARN_UNDECLARED_SELECTOR = YES;
				GCC_WARN_UNINITIALIZED_AUTOS = YES_AGGRESSIVE;
				GCC_WARN_UNUSED_FUNCTION = YES;
				GCC_WARN_UNUSED_VARIABLE = YES;
				IPHONEOS_DEPLOYMENT_TARGET = 14.0;
				MTL_ENABLE_DEBUG_INFO = NO;
				MTL_FAST_MATH = YES;
				SDKROOT = iphoneos;
				VALIDATE_PRODUCT = YES;
			};
			name = Release;
		};
		8FBDA18C253DD52600A63BD1 /* Debug */ = {
			isa = XCBuildConfiguration;
			buildSettings = {
				ASSETCATALOG_COMPILER_APPICON_NAME = AppIcon;
				ASSETCATALOG_COMPILER_GLOBAL_ACCENT_COLOR_NAME = AccentColor;
				CODE_SIGN_IDENTITY = "iPhone Developer";
				CODE_SIGN_STYLE = Manual;
				DEVELOPMENT_TEAM = BJ4HAAB9B3;
				INFOPLIST_FILE = LaunchImage/Info.plist;
				IPHONEOS_DEPLOYMENT_TARGET = 9.0;
				LD_RUNPATH_SEARCH_PATHS = (
					"$(inherited)",
					"@executable_path/Frameworks",
				);
				PRODUCT_BUNDLE_IDENTIFIER = us.zoom.zpcontroller;
				PRODUCT_NAME = "$(TARGET_NAME)";
				PROVISIONING_PROFILE_SPECIFIER = ZRControllerDevelop;
				TARGETED_DEVICE_FAMILY = 2;
			};
			name = Debug;
		};
		8FBDA18D253DD52600A63BD1 /* Release */ = {
			isa = XCBuildConfiguration;
			buildSettings = {
				ASSETCATALOG_COMPILER_APPICON_NAME = AppIcon;
				ASSETCATALOG_COMPILER_GLOBAL_ACCENT_COLOR_NAME = AccentColor;
				CODE_SIGN_IDENTITY = "iPhone Developer";
				CODE_SIGN_STYLE = Manual;
				DEVELOPMENT_TEAM = BJ4HAAB9B3;
				INFOPLIST_FILE = LaunchImage/Info.plist;
				IPHONEOS_DEPLOYMENT_TARGET = 9.0;
				LD_RUNPATH_SEARCH_PATHS = (
					"$(inherited)",
					"@executable_path/Frameworks",
				);
				PRODUCT_BUNDLE_IDENTIFIER = us.zoom.zpcontroller;
				PRODUCT_NAME = "$(TARGET_NAME)";
				PROVISIONING_PROFILE_SPECIFIER = ZRControllerDevelop;
				TARGETED_DEVICE_FAMILY = 2;
			};
			name = Release;
		};
/* End XCBuildConfiguration section */

/* Begin XCConfigurationList section */
		8FBDA16D253DD52300A63BD1 /* Build configuration list for PBXProject "LaunchImage" */ = {
			isa = XCConfigurationList;
			buildConfigurations = (
				8FBDA189253DD52600A63BD1 /* Debug */,
				8FBDA18A253DD52600A63BD1 /* Release */,
			);
			defaultConfigurationIsVisible = 0;
			defaultConfigurationName = Release;
		};
		8FBDA18B253DD52600A63BD1 /* Build configuration list for PBXNativeTarget "LaunchImage" */ = {
			isa = XCConfigurationList;
			buildConfigurations = (
				8FBDA18C253DD52600A63BD1 /* Debug */,
				8FBDA18D253DD52600A63BD1 /* Release */,
			);
			defaultConfigurationIsVisible = 0;
			defaultConfigurationName = Release;
		};
/* End XCConfigurationList section */
	};
	rootObject = 8FBDA16A253DD52300A63BD1 /* Project object */;
}
